
Microsoft Visual Studio Solution File, Format Version 12.00
# Visual Studio Version 16
VisualStudioVersion = 16.0.31112.23
MinimumVisualStudioVersion = 10.0.40219.1
Project("{FAE04EC0-301F-11D3-BF4B-00C04F79EFBC}") = "ConsoleApp1", "ConsoleApp1.csproj", "{9B5F1ED2-D85E-4240-9DF2-739EFE9B1BB1}"
EndProject
Global
	GlobalSection(SolutionConfigurationPlatforms) = preSolution
		Debug|Any CPU = Debug|Any CPU
		Release|Any CPU = Release|Any CPU
	EndGlobalSection
	GlobalSection(ProjectConfigurationPlatforms) = postSolution
		{9B5F1ED2-D85E-4240-9DF2-739EFE9B1BB1}.Debug|Any CPU.ActiveCfg = Debug|Any CPU
		{9B5F1ED2-D85E-4240-9DF2-739EFE9B1BB1}.Debug|Any CPU.Build.0 = Debug|Any CPU
		{9B5F1ED2-D85E-4240-9DF2-739EFE9B1BB1}.Release|Any CPU.ActiveCfg = Release|Any CPU
		{9B5F1ED2-D85E-4240-9DF2-739EFE9B1BB1}.Release|Any CPU.Build.0 = Release|Any CPU
	EndGlobalSection
	GlobalSection(SolutionProperties) = preSolution
		HideSolutionNode = FALSE
	EndGlobalSection
	GlobalSection(ExtensibilityGlobals) = postSolution
		SolutionGuid = {2EAEBF79-22C2-4572-82E8-B7B64A3ABF60}
	EndGlobalSection
EndGlobal
