
Microsoft Visual Studio Solution File, Format Version 12.00
# Visual Studio Version 16
VisualStudioVersion = 16.0.31112.23
MinimumVisualStudioVersion = 10.0.40219.1
Project("{FAE04EC0-301F-11D3-BF4B-00C04F79EFBC}") = "calculosueldo", "calculosueldo.csproj", "{2C2F4155-938D-4709-8E0B-96A3C8CBE06B}"
EndProject
Global
	GlobalSection(SolutionConfigurationPlatforms) = preSolution
		Debug|Any CPU = Debug|Any CPU
		Release|Any CPU = Release|Any CPU
	EndGlobalSection
	GlobalSection(ProjectConfigurationPlatforms) = postSolution
		{2C2F4155-938D-4709-8E0B-96A3C8CBE06B}.Debug|Any CPU.ActiveCfg = Debug|Any CPU
		{2C2F4155-938D-4709-8E0B-96A3C8CBE06B}.Debug|Any CPU.Build.0 = Debug|Any CPU
		{2C2F4155-938D-4709-8E0B-96A3C8CBE06B}.Release|Any CPU.ActiveCfg = Release|Any CPU
		{2C2F4155-938D-4709-8E0B-96A3C8CBE06B}.Release|Any CPU.Build.0 = Release|Any CPU
	EndGlobalSection
	GlobalSection(SolutionProperties) = preSolution
		HideSolutionNode = FALSE
	EndGlobalSection
	GlobalSection(ExtensibilityGlobals) = postSolution
		SolutionGuid = {A8D7F7AD-9891-4049-B029-5197729215CE}
	EndGlobalSection
EndGlobal
